
Microsoft Visual Studio Solution File, Format Version 12.00
# Visual Studio Version 16
VisualStudioVersion = 16.0.31205.134
MinimumVisualStudioVersion = 10.0.40219.1
Project("{9A19103F-16F7-4668-BE54-9A1E7A4F7556}") = "Lab1", "Lab1\Lab1.csproj", "{32ACF034-E617-4628-8721-545C85BDFA6A}"
EndProject
Project("{9A19103F-16F7-4668-BE54-9A1E7A4F7556}") = "Lab3", "Lab3\Lab3.csproj", "{B94F96C3-3BDF-418C-A202-C4120F164DFA}"
EndProject
Project("{9A19103F-16F7-4668-BE54-9A1E7A4F7556}") = "Lab4", "Lab4\Lab4.csproj", "{7943DA30-27DD-4C53-BECC-4477AEA48B4A}"
EndProject
Project("{FAE04EC0-301F-11D3-BF4B-00C04F79EFBC}") = "Lab5", "Lab5\Lab5.csproj", "{2AE1118D-9E50-41E6-82F2-73820F5C456B}"
	ProjectSection(ProjectDependencies) = postProject
		{7943DA30-27DD-4C53-BECC-4477AEA48B4A} = {7943DA30-27DD-4C53-BECC-4477AEA48B4A}
	EndProjectSection
EndProject
Global
	GlobalSection(SolutionConfigurationPlatforms) = preSolution
		Debug|Any CPU = Debug|Any CPU
		Debug|x64 = Debug|x64
		Release|Any CPU = Release|Any CPU
		Release|x64 = Release|x64
	EndGlobalSection
	GlobalSection(ProjectConfigurationPlatforms) = postSolution
		{32ACF034-E617-4628-8721-545C85BDFA6A}.Debug|Any CPU.ActiveCfg = Debug|Any CPU
		{32ACF034-E617-4628-8721-545C85BDFA6A}.Debug|Any CPU.Build.0 = Debug|Any CPU
		{32ACF034-E617-4628-8721-545C85BDFA6A}.Debug|x64.ActiveCfg = Debug|Any CPU
		{32ACF034-E617-4628-8721-545C85BDFA6A}.Debug|x64.Build.0 = Debug|Any CPU
		{32ACF034-E617-4628-8721-545C85BDFA6A}.Release|Any CPU.ActiveCfg = Release|Any CPU
		{32ACF034-E617-4628-8721-545C85BDFA6A}.Release|Any CPU.Build.0 = Release|Any CPU
		{32ACF034-E617-4628-8721-545C85BDFA6A}.Release|x64.ActiveCfg = Release|Any CPU
		{32ACF034-E617-4628-8721-545C85BDFA6A}.Release|x64.Build.0 = Release|Any CPU
		{B94F96C3-3BDF-418C-A202-C4120F164DFA}.Debug|Any CPU.ActiveCfg = Debug|Any CPU
		{B94F96C3-3BDF-418C-A202-C4120F164DFA}.Debug|Any CPU.Build.0 = Debug|Any CPU
		{B94F96C3-3BDF-418C-A202-C4120F164DFA}.Debug|x64.ActiveCfg = Debug|Any CPU
		{B94F96C3-3BDF-418C-A202-C4120F164DFA}.Debug|x64.Build.0 = Debug|Any CPU
		{B94F96C3-3BDF-418C-A202-C4120F164DFA}.Release|Any CPU.ActiveCfg = Release|Any CPU
		{B94F96C3-3BDF-418C-A202-C4120F164DFA}.Release|Any CPU.Build.0 = Release|Any CPU
		{B94F96C3-3BDF-418C-A202-C4120F164DFA}.Release|x64.ActiveCfg = Release|Any CPU
		{B94F96C3-3BDF-418C-A202-C4120F164DFA}.Release|x64.Build.0 = Release|Any CPU
		{7943DA30-27DD-4C53-BECC-4477AEA48B4A}.Debug|Any CPU.ActiveCfg = Debug|Any CPU
		{7943DA30-27DD-4C53-BECC-4477AEA48B4A}.Debug|Any CPU.Build.0 = Debug|Any CPU
		{7943DA30-27DD-4C53-BECC-4477AEA48B4A}.Debug|x64.ActiveCfg = Debug|Any CPU
		{7943DA30-27DD-4C53-BECC-4477AEA48B4A}.Debug|x64.Build.0 = Debug|Any CPU
		{7943DA30-27DD-4C53-BECC-4477AEA48B4A}.Release|Any CPU.ActiveCfg = Release|Any CPU
		{7943DA30-27DD-4C53-BECC-4477AEA48B4A}.Release|Any CPU.Build.0 = Release|Any CPU
		{7943DA30-27DD-4C53-BECC-4477AEA48B4A}.Release|x64.ActiveCfg = Release|Any CPU
		{7943DA30-27DD-4C53-BECC-4477AEA48B4A}.Release|x64.Build.0 = Release|Any CPU
		{2AE1118D-9E50-41E6-82F2-73820F5C456B}.Debug|Any CPU.ActiveCfg = Debug|Any CPU
		{2AE1118D-9E50-41E6-82F2-73820F5C456B}.Debug|Any CPU.Build.0 = Debug|Any CPU
		{2AE1118D-9E50-41E6-82F2-73820F5C456B}.Debug|x64.ActiveCfg = Debug|Any CPU
		{2AE1118D-9E50-41E6-82F2-73820F5C456B}.Debug|x64.Build.0 = Debug|Any CPU
		{2AE1118D-9E50-41E6-82F2-73820F5C456B}.Release|Any CPU.ActiveCfg = Release|Any CPU
		{2AE1118D-9E50-41E6-82F2-73820F5C456B}.Release|Any CPU.Build.0 = Release|Any CPU
		{2AE1118D-9E50-41E6-82F2-73820F5C456B}.Release|x64.ActiveCfg = Release|Any CPU
		{2AE1118D-9E50-41E6-82F2-73820F5C456B}.Release|x64.Build.0 = Release|Any CPU
	EndGlobalSection
	GlobalSection(SolutionProperties) = preSolution
		HideSolutionNode = FALSE
	EndGlobalSection
	GlobalSection(ExtensibilityGlobals) = postSolution
		SolutionGuid = {90DE53F2-F9E5-48B6-BCD4-C6B95F5675E4}
	EndGlobalSection
EndGlobal
